
Microsoft Visual Studio Solution File, Format Version 12.00
# Visual Studio Version 16
VisualStudioVersion = 16.0.30225.117
MinimumVisualStudioVersion = 10.0.40219.1
Project("{9A19103F-16F7-4668-BE54-9A1E7A4F7556}") = "DotnetExplore", "CSharp10Explore\DotnetExplore.csproj", "{C6204089-BBF8-4F44-A56A-83CAE28B7B0C}"
EndProject
Project("{00D1A9C2-B5F0-4AF3-8072-F6C62B433612}") = "SQLProj", "SampleProject\SQLProj.sqlproj", "{53039D49-5E74-4541-BD62-6CAF11617A3F}"
EndProject
Project("{FAE04EC0-301F-11D3-BF4B-00C04F79EFBC}") = "AzureFunctionApp", "AzureFunctionApp\AzureFunctionApp.csproj", "{4E061916-B4F9-43F7-A97B-6473169E6415}"
EndProject
Project("{FAE04EC0-301F-11D3-BF4B-00C04F79EFBC}") = "DesignPattern", "DesignPattern\DesignPattern.csproj", "{5908C373-BFDF-4288-B5B0-A83ACEC3B572}"
EndProject
Project("{FAE04EC0-301F-11D3-BF4B-00C04F79EFBC}") = "SolidPrincipal", "SolidPrincipal\SolidPrincipal.csproj", "{27B4680B-6B2C-4794-9CD7-5D32574FC123}"
EndProject
Project("{FAE04EC0-301F-11D3-BF4B-00C04F79EFBC}") = "Angular", "Angular\Angular.csproj", "{015FB55D-7D48-4374-B1D6-2A2DEB507435}"
EndProject
Project("{9092AA53-FB77-4645-B42D-1CCCA6BD08BD}") = "Nodejs", "Nodejs\Nodejs.njsproj", "{F18FF21B-A23D-4AFC-81FD-7A0425055998}"
EndProject
Project("{9092AA53-FB77-4645-B42D-1CCCA6BD08BD}") = "Rxjs", "Rxjs\Rxjs.njsproj", "{97B5F695-F49D-483C-8A9C-C7F68DA81E4D}"
EndProject
Global
	GlobalSection(SolutionConfigurationPlatforms) = preSolution
		Debug|Any CPU = Debug|Any CPU
		Release|Any CPU = Release|Any CPU
	EndGlobalSection
	GlobalSection(ProjectConfigurationPlatforms) = postSolution
		{C6204089-BBF8-4F44-A56A-83CAE28B7B0C}.Debug|Any CPU.ActiveCfg = Debug|Any CPU
		{C6204089-BBF8-4F44-A56A-83CAE28B7B0C}.Debug|Any CPU.Build.0 = Debug|Any CPU
		{C6204089-BBF8-4F44-A56A-83CAE28B7B0C}.Release|Any CPU.ActiveCfg = Release|Any CPU
		{C6204089-BBF8-4F44-A56A-83CAE28B7B0C}.Release|Any CPU.Build.0 = Release|Any CPU
		{53039D49-5E74-4541-BD62-6CAF11617A3F}.Debug|Any CPU.ActiveCfg = Debug|Any CPU
		{53039D49-5E74-4541-BD62-6CAF11617A3F}.Debug|Any CPU.Build.0 = Debug|Any CPU
		{53039D49-5E74-4541-BD62-6CAF11617A3F}.Debug|Any CPU.Deploy.0 = Debug|Any CPU
		{53039D49-5E74-4541-BD62-6CAF11617A3F}.Release|Any CPU.ActiveCfg = Release|Any CPU
		{53039D49-5E74-4541-BD62-6CAF11617A3F}.Release|Any CPU.Build.0 = Release|Any CPU
		{53039D49-5E74-4541-BD62-6CAF11617A3F}.Release|Any CPU.Deploy.0 = Release|Any CPU
		{4E061916-B4F9-43F7-A97B-6473169E6415}.Debug|Any CPU.ActiveCfg = Debug|Any CPU
		{4E061916-B4F9-43F7-A97B-6473169E6415}.Debug|Any CPU.Build.0 = Debug|Any CPU
		{4E061916-B4F9-43F7-A97B-6473169E6415}.Release|Any CPU.ActiveCfg = Release|Any CPU
		{4E061916-B4F9-43F7-A97B-6473169E6415}.Release|Any CPU.Build.0 = Release|Any CPU
		{5908C373-BFDF-4288-B5B0-A83ACEC3B572}.Debug|Any CPU.ActiveCfg = Debug|Any CPU
		{5908C373-BFDF-4288-B5B0-A83ACEC3B572}.Debug|Any CPU.Build.0 = Debug|Any CPU
		{5908C373-BFDF-4288-B5B0-A83ACEC3B572}.Release|Any CPU.ActiveCfg = Release|Any CPU
		{5908C373-BFDF-4288-B5B0-A83ACEC3B572}.Release|Any CPU.Build.0 = Release|Any CPU
		{27B4680B-6B2C-4794-9CD7-5D32574FC123}.Debug|Any CPU.ActiveCfg = Debug|Any CPU
		{27B4680B-6B2C-4794-9CD7-5D32574FC123}.Debug|Any CPU.Build.0 = Debug|Any CPU
		{27B4680B-6B2C-4794-9CD7-5D32574FC123}.Release|Any CPU.ActiveCfg = Release|Any CPU
		{27B4680B-6B2C-4794-9CD7-5D32574FC123}.Release|Any CPU.Build.0 = Release|Any CPU
		{015FB55D-7D48-4374-B1D6-2A2DEB507435}.Debug|Any CPU.ActiveCfg = Debug|Any CPU
		{015FB55D-7D48-4374-B1D6-2A2DEB507435}.Debug|Any CPU.Build.0 = Debug|Any CPU
		{015FB55D-7D48-4374-B1D6-2A2DEB507435}.Release|Any CPU.ActiveCfg = Release|Any CPU
		{015FB55D-7D48-4374-B1D6-2A2DEB507435}.Release|Any CPU.Build.0 = Release|Any CPU
		{F18FF21B-A23D-4AFC-81FD-7A0425055998}.Debug|Any CPU.ActiveCfg = Debug|Any CPU
		{F18FF21B-A23D-4AFC-81FD-7A0425055998}.Debug|Any CPU.Build.0 = Debug|Any CPU
		{F18FF21B-A23D-4AFC-81FD-7A0425055998}.Release|Any CPU.ActiveCfg = Release|Any CPU
		{F18FF21B-A23D-4AFC-81FD-7A0425055998}.Release|Any CPU.Build.0 = Release|Any CPU
		{97B5F695-F49D-483C-8A9C-C7F68DA81E4D}.Debug|Any CPU.ActiveCfg = Debug|Any CPU
		{97B5F695-F49D-483C-8A9C-C7F68DA81E4D}.Debug|Any CPU.Build.0 = Debug|Any CPU
		{97B5F695-F49D-483C-8A9C-C7F68DA81E4D}.Release|Any CPU.ActiveCfg = Release|Any CPU
		{97B5F695-F49D-483C-8A9C-C7F68DA81E4D}.Release|Any CPU.Build.0 = Release|Any CPU
	EndGlobalSection
	GlobalSection(SolutionProperties) = preSolution
		HideSolutionNode = FALSE
	EndGlobalSection
	GlobalSection(ExtensibilityGlobals) = postSolution
		SolutionGuid = {B532105A-B09E-4A28-A194-465F19029C28}
	EndGlobalSection
EndGlobal
