
Microsoft Visual Studio Solution File, Format Version 12.00
# Visual Studio Version 16
VisualStudioVersion = 16.0.30225.117
MinimumVisualStudioVersion = 10.0.40219.1
Project("{9A19103F-16F7-4668-BE54-9A1E7A4F7556}") = "DotnetExplore", "CSharp10Explore\DotnetExplore.csproj", "{C6204089-BBF8-4F44-A56A-83CAE28B7B0C}"
EndProject
Project("{00D1A9C2-B5F0-4AF3-8072-F6C62B433612}") = "SQLProj", "SampleProject\SQLProj.sqlproj", "{53039D49-5E74-4541-BD62-6CAF11617A3F}"
EndProject
Project("{9A19103F-16F7-4668-BE54-9A1E7A4F7556}") = "AzureFunctionApp", "AzureFunctionApp\AzureFunctionApp.csproj", "{4E061916-B4F9-43F7-A97B-6473169E6415}"
EndProject
Project("{9A19103F-16F7-4668-BE54-9A1E7A4F7556}") = "DesignPattern", "DesignPattern\DesignPattern.csproj", "{5908C373-BFDF-4288-B5B0-A83ACEC3B572}"
EndProject
Project("{9A19103F-16F7-4668-BE54-9A1E7A4F7556}") = "SolidPrincipal", "SolidPrincipal\SolidPrincipal.csproj", "{27B4680B-6B2C-4794-9CD7-5D32574FC123}"
EndProject
Project("{9A19103F-16F7-4668-BE54-9A1E7A4F7556}") = "Angular", "Angular\Angular.csproj", "{015FB55D-7D48-4374-B1D6-2A2DEB507435}"
EndProject
Project("{9092AA53-FB77-4645-B42D-1CCCA6BD08BD}") = "Nodejs", "Nodejs\Nodejs.njsproj", "{F18FF21B-A23D-4AFC-81FD-7A0425055998}"
EndProject
Project("{9092AA53-FB77-4645-B42D-1CCCA6BD08BD}") = "Rxjs", "Rxjs\Rxjs.njsproj", "{97B5F695-F49D-483C-8A9C-C7F68DA81E4D}"
EndProject
Project("{2150E333-8FDC-42A3-9474-1A3956D46DE8}") = "AzureService", "AzureService", "{95396F3A-B103-4E08-B7AF-083238CF6F29}"
EndProject
Project("{2150E333-8FDC-42A3-9474-1A3956D46DE8}") = "AngularApps", "AngularApps", "{9584793F-E39D-4F31-A371-ACA64E25D634}"
EndProject
Project("{2150E333-8FDC-42A3-9474-1A3956D46DE8}") = "Python", "Python", "{2D2AED4B-0BC9-4100-81E3-58738C092071}"
EndProject
Project("{2150E333-8FDC-42A3-9474-1A3956D46DE8}") = ".Net", ".Net", "{C5419D33-F806-4190-9C3E-28BDF5A7AA85}"
EndProject
Project("{2150E333-8FDC-42A3-9474-1A3956D46DE8}") = "DataBase", "DataBase", "{7BF1AADA-22BB-479D-8646-0CA238FF09F4}"
EndProject
Project("{2150E333-8FDC-42A3-9474-1A3956D46DE8}") = "ServerSide", "ServerSide", "{68A175D2-85CF-4B04-953B-E024963037E9}"
EndProject
Project("{2150E333-8FDC-42A3-9474-1A3956D46DE8}") = "Arch", "Arch", "{A18F5BA0-D445-4440-9C90-540BF5501A8E}"
EndProject
Project("{2150E333-8FDC-42A3-9474-1A3956D46DE8}") = "React", "React", "{74920719-7F0C-45B2-A912-62ED7D39A440}"
EndProject
Project("{9A19103F-16F7-4668-BE54-9A1E7A4F7556}") = "Kubernetes", "Kubernetes\Kubernetes.csproj", "{E80E3945-DB08-4EC4-BEE8-1C6871E3E0E5}"
EndProject
Project("{9A19103F-16F7-4668-BE54-9A1E7A4F7556}") = "FacadePattern", "FacadePattern\FacadePattern.csproj", "{12624A3F-6744-4BE3-BF59-BECBC0429248}"
EndProject
Project("{2150E333-8FDC-42A3-9474-1A3956D46DE8}") = "DesignPatterns", "DesignPatterns", "{E47C5548-FEB7-4A30-9551-3AC44ADF8681}"
EndProject
Project("{2150E333-8FDC-42A3-9474-1A3956D46DE8}") = "StructuralPattern", "StructuralPattern", "{D83EFB07-2635-4173-B5A6-F3E1D90FFF49}"
EndProject
Project("{9092AA53-FB77-4645-B42D-1CCCA6BD08BD}") = "ES6", "ES6\ES6.njsproj", "{E08C8A95-65F0-4EB7-998F-324C63A834F7}"
EndProject
Project("{2150E333-8FDC-42A3-9474-1A3956D46DE8}") = "BehaviouralPattern", "BehaviouralPattern", "{4655EF4F-AA79-4032-8F24-E14B369FD9E2}"
EndProject
Project("{2150E333-8FDC-42A3-9474-1A3956D46DE8}") = "CreationalPattern", "CreationalPattern", "{31232EE4-095E-4E7D-84E5-A20C78A18090}"
EndProject
Project("{9A19103F-16F7-4668-BE54-9A1E7A4F7556}") = "Observer", "Observer\Observer.csproj", "{4CA4FDBA-A1C5-420D-9A5A-12BB9024EA51}"
EndProject
Project("{2150E333-8FDC-42A3-9474-1A3956D46DE8}") = "Algorithm", "Algorithm", "{37E9FC6D-5DF6-4000-A715-FD927CCAFCB8}"
EndProject
Project("{2150E333-8FDC-42A3-9474-1A3956D46DE8}") = "Utility", "Utility", "{858636AE-A429-44EC-9234-35ADCCD90991}"
EndProject
Project("{9A19103F-16F7-4668-BE54-9A1E7A4F7556}") = "OperatorUnderstanding", "OperatorUnderstanding\OperatorUnderstanding.csproj", "{476D8C7F-16BC-4EBD-8C29-F31A4C3BBC0F}"
EndProject
Project("{9A19103F-16F7-4668-BE54-9A1E7A4F7556}") = "ConsistentHashing", "ConsistentHashin\ConsistentHashing.csproj", "{384CF45A-9D96-410F-B9AA-9C395075CF4D}"
EndProject
Project("{2150E333-8FDC-42A3-9474-1A3956D46DE8}") = "Classification", "Classification", "{4A7D29B7-BC5B-4F4A-902E-9E6303122831}"
EndProject
Project("{2150E333-8FDC-42A3-9474-1A3956D46DE8}") = "LoadBalancer", "LoadBalancer", "{49CB5354-456C-4DBE-A962-3AA0AFE46F04}"
EndProject
Project("{9A19103F-16F7-4668-BE54-9A1E7A4F7556}") = "Regression", "Regression\Regression.csproj", "{2B7A2E07-93E9-4DBC-BC80-107125BE207B}"
EndProject
Project("{888888A0-9F3D-457C-B088-3A5042F75D52}") = "LogisticRegression", "LogisticRegression\LogisticRegression.pyproj", "{434D3BB9-7323-4492-948F-B8973C8147D7}"
EndProject
Project("{888888A0-9F3D-457C-B088-3A5042F75D52}") = "LinearRegression", "LinearRegression\LinearRegression.pyproj", "{BC77AE85-120E-493D-BED2-A4F01CDB8BF0}"
EndProject
Project("{888888A0-9F3D-457C-B088-3A5042F75D52}") = "MultiClassLogisticRegression", "MultiClassLogisticRegression\MultiClassLogisticRegression.pyproj", "{CC4B5FF8-6C20-46B8-AEF4-DA73913D6E47}"
EndProject
Project("{2150E333-8FDC-42A3-9474-1A3956D46DE8}") = "DesignPrinciple", "DesignPrinciple", "{5EB390CE-B018-4E6F-8CF0-9DAADF7E8E7E}"
EndProject
Project("{2150E333-8FDC-42A3-9474-1A3956D46DE8}") = "Machine Learning", "Machine Learning", "{25C40C96-B140-4C36-9E0C-D45D0153612C}"
EndProject
Project("{2150E333-8FDC-42A3-9474-1A3956D46DE8}") = "Supervised", "Supervised", "{B5AE7FEE-32B0-4931-AAEF-4441CCDA543A}"
EndProject
Project("{2150E333-8FDC-42A3-9474-1A3956D46DE8}") = "Unsupervised", "Unsupervised", "{289667E1-1C6F-40AE-A4D4-A04CC0E79309}"
EndProject
Project("{2150E333-8FDC-42A3-9474-1A3956D46DE8}") = "Reinforcement", "Reinforcement", "{A3C64A9B-F002-44F8-AD50-24523818EF7B}"
EndProject
Project("{2150E333-8FDC-42A3-9474-1A3956D46DE8}") = "DeepLearning", "DeepLearning", "{C3BDAC5D-81BA-4FF6-9C89-D7A6FD116561}"
EndProject
Project("{888888A0-9F3D-457C-B088-3A5042F75D52}") = "CNNClasifier", "CNNClasifier\CNNClasifier.pyproj", "{9E238381-0CCF-413C-B7B2-0D89612EF512}"
EndProject
Project("{2150E333-8FDC-42A3-9474-1A3956D46DE8}") = "TextProcessing", "TextProcessing", "{D35E8E70-00B1-4B23-872D-90D8EA781B2B}"
EndProject
Project("{888888A0-9F3D-457C-B088-3A5042F75D52}") = "WordToVector", "WordToVector\WordToVector.pyproj", "{A2F74B53-2455-4ADB-BC69-EAAAFD57BB0A}"
EndProject
Project("{888888A0-9F3D-457C-B088-3A5042F75D52}") = "TextBlob", "TextBlob\TextBlob.pyproj", "{E75FE98C-AE6C-44EA-97BC-4F5688D8D18C}"
EndProject
Project("{888888A0-9F3D-457C-B088-3A5042F75D52}") = "BERT", "BERT\BERT.pyproj", "{F694EF59-BA6E-4269-985A-B9CA73FBA102}"
EndProject
Project("{888888A0-9F3D-457C-B088-3A5042F75D52}") = "NER", "NER\NER.pyproj", "{8EC1D4A0-92B6-443A-AE39-2193E718CE1F}"
EndProject
Project("{2150E333-8FDC-42A3-9474-1A3956D46DE8}") = "Identity", "Identity", "{7E1A8E1E-F511-4169-B6AA-C42C2F0DC2E8}"
EndProject
Project("{F2A71F9B-5D33-465A-A702-920D77279786}") = "IdentityServer4", "IdentityServer4\IdentityServer4.fsproj", "{D5F3F770-E4E7-4E51-ADD9-0A01683A82C3}"
EndProject
Project("{2150E333-8FDC-42A3-9474-1A3956D46DE8}") = "AWS", "AWS", "{567EE48B-FA36-49E2-B4F0-5053B6F98AC0}"
EndProject
Project("{2150E333-8FDC-42A3-9474-1A3956D46DE8}") = "Cloud", "Cloud", "{8CB1E641-AA23-42F9-9ECD-F8A1746AB776}"
EndProject
Project("{2150E333-8FDC-42A3-9474-1A3956D46DE8}") = "MessagingService", "MessagingService", "{88605C32-C93F-4656-B1C1-EC9382EF9660}"
EndProject
Project("{FAE04EC0-301F-11D3-BF4B-00C04F79EFBC}") = "ServiceBus", "ServiceBus\ServiceBus.csproj", "{9F0E0B14-3261-4A1D-808E-B180EC53D241}"
EndProject
Project("{2150E333-8FDC-42A3-9474-1A3956D46DE8}") = "TechTransformation", "TechTransformation", "{FC6B0CCB-1D77-45F5-AE41-B2E4C30CC1EC}"
EndProject
Project("{2150E333-8FDC-42A3-9474-1A3956D46DE8}") = "BlockChain", "BlockChain", "{7E57C15A-0C7C-4BA5-822E-C748F5EAF742}"
EndProject
Project("{2150E333-8FDC-42A3-9474-1A3956D46DE8}") = "Terraform", "Terraform", "{8C4333CF-3152-4026-884F-36641F80E93A}"
EndProject
Project("{888888A0-9F3D-457C-B088-3A5042F75D52}") = "ResNet", "ResNet\ResNet.pyproj", "{6FFB2DFD-D8E0-405C-8819-E5C37A8B66FC}"
EndProject
Project("{00D1A9C2-B5F0-4AF3-8072-F6C62B433612}") = "MongoDB", "NoSQL\MongoDB.sqlproj", "{CD826DEE-8253-4079-8F02-4EE072C04E79}"
EndProject
Project("{2150E333-8FDC-42A3-9474-1A3956D46DE8}") = "NoSQL", "NoSQL", "{B936535D-BDAF-4AFA-8FAE-BB5F40ECB8F8}"
EndProject
Project("{2150E333-8FDC-42A3-9474-1A3956D46DE8}") = "Relational", "Relational", "{3105E80E-22CB-45AA-86BE-9AA4AE4BF4BF}"
EndProject
Project("{2150E333-8FDC-42A3-9474-1A3956D46DE8}") = "ColumnarDB", "ColumnarDB", "{C918B8B0-0ACB-4DD2-8C69-CD954176465A}"
EndProject
Project("{2150E333-8FDC-42A3-9474-1A3956D46DE8}") = "CosmosDB", "CosmosDB", "{D77E29FD-7CF3-4753-AD9C-8EF5F28EB660}"
EndProject
Project("{2150E333-8FDC-42A3-9474-1A3956D46DE8}") = "MongoSQL", "MongoSQL", "{99D9D8A2-AB02-4A2C-8D44-4AFACC1BFF45}"
EndProject
Project("{2150E333-8FDC-42A3-9474-1A3956D46DE8}") = "SystemDesign", "SystemDesign", "{F2B54575-9A88-47BA-ACB5-F9080CCBE929}"
EndProject
Project("{FAE04EC0-301F-11D3-BF4B-00C04F79EFBC}") = "CAPTheorem", "CAPTheorem\CAPTheorem.csproj", "{75A575ED-EC43-45AC-8DC3-2A950DE26F70}"
EndProject
Project("{FAE04EC0-301F-11D3-BF4B-00C04F79EFBC}") = "RoundRobin", "RoundRobin\RoundRobin.csproj", "{4309789B-ECD0-4A7F-A0DF-A5C72CA19AF7}"
EndProject
Project("{2150E333-8FDC-42A3-9474-1A3956D46DE8}") = "Caching", "Caching", "{78148983-F0EA-4F87-817A-7261E2A56797}"
EndProject
Project("{FAE04EC0-301F-11D3-BF4B-00C04F79EFBC}") = "Redish", "Redish\Redish.csproj", "{AF86DDC7-4E4F-49E1-BAA5-0F8B0F756ED2}"
EndProject
Project("{FAE04EC0-301F-11D3-BF4B-00C04F79EFBC}") = "Queue", "Queue\Queue.csproj", "{F3FD9C33-7C01-4160-815E-1F6A65872968}"
EndProject
Project("{FAE04EC0-301F-11D3-BF4B-00C04F79EFBC}") = "SQLServiceBroker", "SQLServiceBroker\SQLServiceBroker.csproj", "{FB9644CA-1787-42CA-9A72-BBFEBC6605CE}"
EndProject
Project("{888888A0-9F3D-457C-B088-3A5042F75D52}") = "OpenCV2", "OpenCV2\OpenCV2.pyproj", "{470FD023-08EC-4CBA-8DCF-2BA4516B0BE2}"
EndProject
Project("{888888A0-9F3D-457C-B088-3A5042F75D52}") = "Yolov5", "Yolov5\Yolov5.pyproj", "{DB146594-7B1A-4FB5-B44A-E95493EED335}"
EndProject
Global
	GlobalSection(SolutionConfigurationPlatforms) = preSolution
		Debug|Any CPU = Debug|Any CPU
		Release|Any CPU = Release|Any CPU
	EndGlobalSection
	GlobalSection(ProjectConfigurationPlatforms) = postSolution
		{C6204089-BBF8-4F44-A56A-83CAE28B7B0C}.Debug|Any CPU.ActiveCfg = Debug|Any CPU
		{C6204089-BBF8-4F44-A56A-83CAE28B7B0C}.Debug|Any CPU.Build.0 = Debug|Any CPU
		{C6204089-BBF8-4F44-A56A-83CAE28B7B0C}.Release|Any CPU.ActiveCfg = Release|Any CPU
		{C6204089-BBF8-4F44-A56A-83CAE28B7B0C}.Release|Any CPU.Build.0 = Release|Any CPU
		{53039D49-5E74-4541-BD62-6CAF11617A3F}.Debug|Any CPU.ActiveCfg = Debug|Any CPU
		{53039D49-5E74-4541-BD62-6CAF11617A3F}.Debug|Any CPU.Build.0 = Debug|Any CPU
		{53039D49-5E74-4541-BD62-6CAF11617A3F}.Debug|Any CPU.Deploy.0 = Debug|Any CPU
		{53039D49-5E74-4541-BD62-6CAF11617A3F}.Release|Any CPU.ActiveCfg = Release|Any CPU
		{53039D49-5E74-4541-BD62-6CAF11617A3F}.Release|Any CPU.Build.0 = Release|Any CPU
		{53039D49-5E74-4541-BD62-6CAF11617A3F}.Release|Any CPU.Deploy.0 = Release|Any CPU
		{4E061916-B4F9-43F7-A97B-6473169E6415}.Debug|Any CPU.ActiveCfg = Debug|Any CPU
		{4E061916-B4F9-43F7-A97B-6473169E6415}.Debug|Any CPU.Build.0 = Debug|Any CPU
		{4E061916-B4F9-43F7-A97B-6473169E6415}.Release|Any CPU.ActiveCfg = Release|Any CPU
		{4E061916-B4F9-43F7-A97B-6473169E6415}.Release|Any CPU.Build.0 = Release|Any CPU
		{5908C373-BFDF-4288-B5B0-A83ACEC3B572}.Debug|Any CPU.ActiveCfg = Debug|Any CPU
		{5908C373-BFDF-4288-B5B0-A83ACEC3B572}.Debug|Any CPU.Build.0 = Debug|Any CPU
		{5908C373-BFDF-4288-B5B0-A83ACEC3B572}.Release|Any CPU.ActiveCfg = Release|Any CPU
		{5908C373-BFDF-4288-B5B0-A83ACEC3B572}.Release|Any CPU.Build.0 = Release|Any CPU
		{27B4680B-6B2C-4794-9CD7-5D32574FC123}.Debug|Any CPU.ActiveCfg = Debug|Any CPU
		{27B4680B-6B2C-4794-9CD7-5D32574FC123}.Debug|Any CPU.Build.0 = Debug|Any CPU
		{27B4680B-6B2C-4794-9CD7-5D32574FC123}.Release|Any CPU.ActiveCfg = Release|Any CPU
		{27B4680B-6B2C-4794-9CD7-5D32574FC123}.Release|Any CPU.Build.0 = Release|Any CPU
		{015FB55D-7D48-4374-B1D6-2A2DEB507435}.Debug|Any CPU.ActiveCfg = Debug|Any CPU
		{015FB55D-7D48-4374-B1D6-2A2DEB507435}.Debug|Any CPU.Build.0 = Debug|Any CPU
		{015FB55D-7D48-4374-B1D6-2A2DEB507435}.Release|Any CPU.ActiveCfg = Release|Any CPU
		{015FB55D-7D48-4374-B1D6-2A2DEB507435}.Release|Any CPU.Build.0 = Release|Any CPU
		{F18FF21B-A23D-4AFC-81FD-7A0425055998}.Debug|Any CPU.ActiveCfg = Debug|Any CPU
		{F18FF21B-A23D-4AFC-81FD-7A0425055998}.Debug|Any CPU.Build.0 = Debug|Any CPU
		{F18FF21B-A23D-4AFC-81FD-7A0425055998}.Release|Any CPU.ActiveCfg = Release|Any CPU
		{F18FF21B-A23D-4AFC-81FD-7A0425055998}.Release|Any CPU.Build.0 = Release|Any CPU
		{97B5F695-F49D-483C-8A9C-C7F68DA81E4D}.Debug|Any CPU.ActiveCfg = Debug|Any CPU
		{97B5F695-F49D-483C-8A9C-C7F68DA81E4D}.Debug|Any CPU.Build.0 = Debug|Any CPU
		{97B5F695-F49D-483C-8A9C-C7F68DA81E4D}.Release|Any CPU.ActiveCfg = Release|Any CPU
		{97B5F695-F49D-483C-8A9C-C7F68DA81E4D}.Release|Any CPU.Build.0 = Release|Any CPU
		{E80E3945-DB08-4EC4-BEE8-1C6871E3E0E5}.Debug|Any CPU.ActiveCfg = Debug|Any CPU
		{E80E3945-DB08-4EC4-BEE8-1C6871E3E0E5}.Debug|Any CPU.Build.0 = Debug|Any CPU
		{E80E3945-DB08-4EC4-BEE8-1C6871E3E0E5}.Release|Any CPU.ActiveCfg = Release|Any CPU
		{E80E3945-DB08-4EC4-BEE8-1C6871E3E0E5}.Release|Any CPU.Build.0 = Release|Any CPU
		{12624A3F-6744-4BE3-BF59-BECBC0429248}.Debug|Any CPU.ActiveCfg = Debug|Any CPU
		{12624A3F-6744-4BE3-BF59-BECBC0429248}.Debug|Any CPU.Build.0 = Debug|Any CPU
		{12624A3F-6744-4BE3-BF59-BECBC0429248}.Release|Any CPU.ActiveCfg = Release|Any CPU
		{12624A3F-6744-4BE3-BF59-BECBC0429248}.Release|Any CPU.Build.0 = Release|Any CPU
		{E08C8A95-65F0-4EB7-998F-324C63A834F7}.Debug|Any CPU.ActiveCfg = Debug|Any CPU
		{E08C8A95-65F0-4EB7-998F-324C63A834F7}.Debug|Any CPU.Build.0 = Debug|Any CPU
		{E08C8A95-65F0-4EB7-998F-324C63A834F7}.Release|Any CPU.ActiveCfg = Release|Any CPU
		{E08C8A95-65F0-4EB7-998F-324C63A834F7}.Release|Any CPU.Build.0 = Release|Any CPU
		{4CA4FDBA-A1C5-420D-9A5A-12BB9024EA51}.Debug|Any CPU.ActiveCfg = Debug|Any CPU
		{4CA4FDBA-A1C5-420D-9A5A-12BB9024EA51}.Debug|Any CPU.Build.0 = Debug|Any CPU
		{4CA4FDBA-A1C5-420D-9A5A-12BB9024EA51}.Release|Any CPU.ActiveCfg = Release|Any CPU
		{4CA4FDBA-A1C5-420D-9A5A-12BB9024EA51}.Release|Any CPU.Build.0 = Release|Any CPU
		{476D8C7F-16BC-4EBD-8C29-F31A4C3BBC0F}.Debug|Any CPU.ActiveCfg = Debug|Any CPU
		{476D8C7F-16BC-4EBD-8C29-F31A4C3BBC0F}.Debug|Any CPU.Build.0 = Debug|Any CPU
		{476D8C7F-16BC-4EBD-8C29-F31A4C3BBC0F}.Release|Any CPU.ActiveCfg = Release|Any CPU
		{476D8C7F-16BC-4EBD-8C29-F31A4C3BBC0F}.Release|Any CPU.Build.0 = Release|Any CPU
		{384CF45A-9D96-410F-B9AA-9C395075CF4D}.Debug|Any CPU.ActiveCfg = Debug|Any CPU
		{384CF45A-9D96-410F-B9AA-9C395075CF4D}.Debug|Any CPU.Build.0 = Debug|Any CPU
		{384CF45A-9D96-410F-B9AA-9C395075CF4D}.Release|Any CPU.ActiveCfg = Release|Any CPU
		{384CF45A-9D96-410F-B9AA-9C395075CF4D}.Release|Any CPU.Build.0 = Release|Any CPU
		{2B7A2E07-93E9-4DBC-BC80-107125BE207B}.Debug|Any CPU.ActiveCfg = Debug|Any CPU
		{2B7A2E07-93E9-4DBC-BC80-107125BE207B}.Debug|Any CPU.Build.0 = Debug|Any CPU
		{2B7A2E07-93E9-4DBC-BC80-107125BE207B}.Release|Any CPU.ActiveCfg = Release|Any CPU
		{2B7A2E07-93E9-4DBC-BC80-107125BE207B}.Release|Any CPU.Build.0 = Release|Any CPU
		{434D3BB9-7323-4492-948F-B8973C8147D7}.Debug|Any CPU.ActiveCfg = Debug|Any CPU
		{434D3BB9-7323-4492-948F-B8973C8147D7}.Release|Any CPU.ActiveCfg = Release|Any CPU
		{BC77AE85-120E-493D-BED2-A4F01CDB8BF0}.Debug|Any CPU.ActiveCfg = Debug|Any CPU
		{BC77AE85-120E-493D-BED2-A4F01CDB8BF0}.Release|Any CPU.ActiveCfg = Release|Any CPU
		{CC4B5FF8-6C20-46B8-AEF4-DA73913D6E47}.Debug|Any CPU.ActiveCfg = Debug|Any CPU
		{CC4B5FF8-6C20-46B8-AEF4-DA73913D6E47}.Release|Any CPU.ActiveCfg = Release|Any CPU
		{9E238381-0CCF-413C-B7B2-0D89612EF512}.Debug|Any CPU.ActiveCfg = Debug|Any CPU
		{9E238381-0CCF-413C-B7B2-0D89612EF512}.Release|Any CPU.ActiveCfg = Release|Any CPU
		{A2F74B53-2455-4ADB-BC69-EAAAFD57BB0A}.Debug|Any CPU.ActiveCfg = Debug|Any CPU
		{A2F74B53-2455-4ADB-BC69-EAAAFD57BB0A}.Release|Any CPU.ActiveCfg = Release|Any CPU
		{E75FE98C-AE6C-44EA-97BC-4F5688D8D18C}.Debug|Any CPU.ActiveCfg = Debug|Any CPU
		{E75FE98C-AE6C-44EA-97BC-4F5688D8D18C}.Release|Any CPU.ActiveCfg = Release|Any CPU
		{F694EF59-BA6E-4269-985A-B9CA73FBA102}.Debug|Any CPU.ActiveCfg = Debug|Any CPU
		{F694EF59-BA6E-4269-985A-B9CA73FBA102}.Release|Any CPU.ActiveCfg = Release|Any CPU
		{8EC1D4A0-92B6-443A-AE39-2193E718CE1F}.Debug|Any CPU.ActiveCfg = Debug|Any CPU
		{8EC1D4A0-92B6-443A-AE39-2193E718CE1F}.Release|Any CPU.ActiveCfg = Release|Any CPU
		{D5F3F770-E4E7-4E51-ADD9-0A01683A82C3}.Debug|Any CPU.ActiveCfg = Debug|Any CPU
		{D5F3F770-E4E7-4E51-ADD9-0A01683A82C3}.Debug|Any CPU.Build.0 = Debug|Any CPU
		{D5F3F770-E4E7-4E51-ADD9-0A01683A82C3}.Release|Any CPU.ActiveCfg = Release|Any CPU
		{D5F3F770-E4E7-4E51-ADD9-0A01683A82C3}.Release|Any CPU.Build.0 = Release|Any CPU
		{9F0E0B14-3261-4A1D-808E-B180EC53D241}.Debug|Any CPU.ActiveCfg = Debug|Any CPU
		{9F0E0B14-3261-4A1D-808E-B180EC53D241}.Debug|Any CPU.Build.0 = Debug|Any CPU
		{9F0E0B14-3261-4A1D-808E-B180EC53D241}.Release|Any CPU.ActiveCfg = Release|Any CPU
		{9F0E0B14-3261-4A1D-808E-B180EC53D241}.Release|Any CPU.Build.0 = Release|Any CPU
		{6FFB2DFD-D8E0-405C-8819-E5C37A8B66FC}.Debug|Any CPU.ActiveCfg = Debug|Any CPU
		{6FFB2DFD-D8E0-405C-8819-E5C37A8B66FC}.Release|Any CPU.ActiveCfg = Release|Any CPU
		{CD826DEE-8253-4079-8F02-4EE072C04E79}.Debug|Any CPU.ActiveCfg = Debug|Any CPU
		{CD826DEE-8253-4079-8F02-4EE072C04E79}.Debug|Any CPU.Build.0 = Debug|Any CPU
		{CD826DEE-8253-4079-8F02-4EE072C04E79}.Debug|Any CPU.Deploy.0 = Debug|Any CPU
		{CD826DEE-8253-4079-8F02-4EE072C04E79}.Release|Any CPU.ActiveCfg = Release|Any CPU
		{CD826DEE-8253-4079-8F02-4EE072C04E79}.Release|Any CPU.Build.0 = Release|Any CPU
		{CD826DEE-8253-4079-8F02-4EE072C04E79}.Release|Any CPU.Deploy.0 = Release|Any CPU
		{75A575ED-EC43-45AC-8DC3-2A950DE26F70}.Debug|Any CPU.ActiveCfg = Debug|Any CPU
		{75A575ED-EC43-45AC-8DC3-2A950DE26F70}.Debug|Any CPU.Build.0 = Debug|Any CPU
		{75A575ED-EC43-45AC-8DC3-2A950DE26F70}.Release|Any CPU.ActiveCfg = Release|Any CPU
		{75A575ED-EC43-45AC-8DC3-2A950DE26F70}.Release|Any CPU.Build.0 = Release|Any CPU
		{4309789B-ECD0-4A7F-A0DF-A5C72CA19AF7}.Debug|Any CPU.ActiveCfg = Debug|Any CPU
		{4309789B-ECD0-4A7F-A0DF-A5C72CA19AF7}.Debug|Any CPU.Build.0 = Debug|Any CPU
		{4309789B-ECD0-4A7F-A0DF-A5C72CA19AF7}.Release|Any CPU.ActiveCfg = Release|Any CPU
		{4309789B-ECD0-4A7F-A0DF-A5C72CA19AF7}.Release|Any CPU.Build.0 = Release|Any CPU
		{AF86DDC7-4E4F-49E1-BAA5-0F8B0F756ED2}.Debug|Any CPU.ActiveCfg = Debug|Any CPU
		{AF86DDC7-4E4F-49E1-BAA5-0F8B0F756ED2}.Debug|Any CPU.Build.0 = Debug|Any CPU
		{AF86DDC7-4E4F-49E1-BAA5-0F8B0F756ED2}.Release|Any CPU.ActiveCfg = Release|Any CPU
		{AF86DDC7-4E4F-49E1-BAA5-0F8B0F756ED2}.Release|Any CPU.Build.0 = Release|Any CPU
		{F3FD9C33-7C01-4160-815E-1F6A65872968}.Debug|Any CPU.ActiveCfg = Debug|Any CPU
		{F3FD9C33-7C01-4160-815E-1F6A65872968}.Debug|Any CPU.Build.0 = Debug|Any CPU
		{F3FD9C33-7C01-4160-815E-1F6A65872968}.Release|Any CPU.ActiveCfg = Release|Any CPU
		{F3FD9C33-7C01-4160-815E-1F6A65872968}.Release|Any CPU.Build.0 = Release|Any CPU
		{FB9644CA-1787-42CA-9A72-BBFEBC6605CE}.Debug|Any CPU.ActiveCfg = Debug|Any CPU
		{FB9644CA-1787-42CA-9A72-BBFEBC6605CE}.Debug|Any CPU.Build.0 = Debug|Any CPU
		{FB9644CA-1787-42CA-9A72-BBFEBC6605CE}.Release|Any CPU.ActiveCfg = Release|Any CPU
		{FB9644CA-1787-42CA-9A72-BBFEBC6605CE}.Release|Any CPU.Build.0 = Release|Any CPU
		{470FD023-08EC-4CBA-8DCF-2BA4516B0BE2}.Debug|Any CPU.ActiveCfg = Debug|Any CPU
		{470FD023-08EC-4CBA-8DCF-2BA4516B0BE2}.Release|Any CPU.ActiveCfg = Release|Any CPU
		{DB146594-7B1A-4FB5-B44A-E95493EED335}.Debug|Any CPU.ActiveCfg = Debug|Any CPU
		{DB146594-7B1A-4FB5-B44A-E95493EED335}.Release|Any CPU.ActiveCfg = Release|Any CPU
	EndGlobalSection
	GlobalSection(SolutionProperties) = preSolution
		HideSolutionNode = FALSE
	EndGlobalSection
	GlobalSection(NestedProjects) = preSolution
		{C6204089-BBF8-4F44-A56A-83CAE28B7B0C} = {C5419D33-F806-4190-9C3E-28BDF5A7AA85}
		{53039D49-5E74-4541-BD62-6CAF11617A3F} = {3105E80E-22CB-45AA-86BE-9AA4AE4BF4BF}
		{4E061916-B4F9-43F7-A97B-6473169E6415} = {95396F3A-B103-4E08-B7AF-083238CF6F29}
		{5908C373-BFDF-4288-B5B0-A83ACEC3B572} = {E47C5548-FEB7-4A30-9551-3AC44ADF8681}
		{27B4680B-6B2C-4794-9CD7-5D32574FC123} = {5EB390CE-B018-4E6F-8CF0-9DAADF7E8E7E}
		{015FB55D-7D48-4374-B1D6-2A2DEB507435} = {9584793F-E39D-4F31-A371-ACA64E25D634}
		{F18FF21B-A23D-4AFC-81FD-7A0425055998} = {68A175D2-85CF-4B04-953B-E024963037E9}
		{97B5F695-F49D-483C-8A9C-C7F68DA81E4D} = {9584793F-E39D-4F31-A371-ACA64E25D634}
		{95396F3A-B103-4E08-B7AF-083238CF6F29} = {8CB1E641-AA23-42F9-9ECD-F8A1746AB776}
		{E80E3945-DB08-4EC4-BEE8-1C6871E3E0E5} = {95396F3A-B103-4E08-B7AF-083238CF6F29}
		{12624A3F-6744-4BE3-BF59-BECBC0429248} = {D83EFB07-2635-4173-B5A6-F3E1D90FFF49}
		{E47C5548-FEB7-4A30-9551-3AC44ADF8681} = {A18F5BA0-D445-4440-9C90-540BF5501A8E}
		{D83EFB07-2635-4173-B5A6-F3E1D90FFF49} = {E47C5548-FEB7-4A30-9551-3AC44ADF8681}
		{E08C8A95-65F0-4EB7-998F-324C63A834F7} = {68A175D2-85CF-4B04-953B-E024963037E9}
		{4655EF4F-AA79-4032-8F24-E14B369FD9E2} = {E47C5548-FEB7-4A30-9551-3AC44ADF8681}
		{31232EE4-095E-4E7D-84E5-A20C78A18090} = {E47C5548-FEB7-4A30-9551-3AC44ADF8681}
		{4CA4FDBA-A1C5-420D-9A5A-12BB9024EA51} = {4655EF4F-AA79-4032-8F24-E14B369FD9E2}
		{476D8C7F-16BC-4EBD-8C29-F31A4C3BBC0F} = {858636AE-A429-44EC-9234-35ADCCD90991}
		{384CF45A-9D96-410F-B9AA-9C395075CF4D} = {49CB5354-456C-4DBE-A962-3AA0AFE46F04}
		{4A7D29B7-BC5B-4F4A-902E-9E6303122831} = {37E9FC6D-5DF6-4000-A715-FD927CCAFCB8}
		{49CB5354-456C-4DBE-A962-3AA0AFE46F04} = {F2B54575-9A88-47BA-ACB5-F9080CCBE929}
		{2B7A2E07-93E9-4DBC-BC80-107125BE207B} = {4A7D29B7-BC5B-4F4A-902E-9E6303122831}
		{434D3BB9-7323-4492-948F-B8973C8147D7} = {B5AE7FEE-32B0-4931-AAEF-4441CCDA543A}
		{BC77AE85-120E-493D-BED2-A4F01CDB8BF0} = {B5AE7FEE-32B0-4931-AAEF-4441CCDA543A}
		{CC4B5FF8-6C20-46B8-AEF4-DA73913D6E47} = {B5AE7FEE-32B0-4931-AAEF-4441CCDA543A}
		{5EB390CE-B018-4E6F-8CF0-9DAADF7E8E7E} = {A18F5BA0-D445-4440-9C90-540BF5501A8E}
		{25C40C96-B140-4C36-9E0C-D45D0153612C} = {2D2AED4B-0BC9-4100-81E3-58738C092071}
		{B5AE7FEE-32B0-4931-AAEF-4441CCDA543A} = {25C40C96-B140-4C36-9E0C-D45D0153612C}
		{289667E1-1C6F-40AE-A4D4-A04CC0E79309} = {25C40C96-B140-4C36-9E0C-D45D0153612C}
		{A3C64A9B-F002-44F8-AD50-24523818EF7B} = {25C40C96-B140-4C36-9E0C-D45D0153612C}
		{C3BDAC5D-81BA-4FF6-9C89-D7A6FD116561} = {2D2AED4B-0BC9-4100-81E3-58738C092071}
		{9E238381-0CCF-413C-B7B2-0D89612EF512} = {C3BDAC5D-81BA-4FF6-9C89-D7A6FD116561}
		{D35E8E70-00B1-4B23-872D-90D8EA781B2B} = {2D2AED4B-0BC9-4100-81E3-58738C092071}
		{A2F74B53-2455-4ADB-BC69-EAAAFD57BB0A} = {D35E8E70-00B1-4B23-872D-90D8EA781B2B}
		{E75FE98C-AE6C-44EA-97BC-4F5688D8D18C} = {D35E8E70-00B1-4B23-872D-90D8EA781B2B}
		{F694EF59-BA6E-4269-985A-B9CA73FBA102} = {D35E8E70-00B1-4B23-872D-90D8EA781B2B}
		{8EC1D4A0-92B6-443A-AE39-2193E718CE1F} = {D35E8E70-00B1-4B23-872D-90D8EA781B2B}
		{D5F3F770-E4E7-4E51-ADD9-0A01683A82C3} = {7E1A8E1E-F511-4169-B6AA-C42C2F0DC2E8}
		{567EE48B-FA36-49E2-B4F0-5053B6F98AC0} = {8CB1E641-AA23-42F9-9ECD-F8A1746AB776}
		{9F0E0B14-3261-4A1D-808E-B180EC53D241} = {88605C32-C93F-4656-B1C1-EC9382EF9660}
		{7E57C15A-0C7C-4BA5-822E-C748F5EAF742} = {FC6B0CCB-1D77-45F5-AE41-B2E4C30CC1EC}
		{8C4333CF-3152-4026-884F-36641F80E93A} = {FC6B0CCB-1D77-45F5-AE41-B2E4C30CC1EC}
		{6FFB2DFD-D8E0-405C-8819-E5C37A8B66FC} = {C3BDAC5D-81BA-4FF6-9C89-D7A6FD116561}
		{CD826DEE-8253-4079-8F02-4EE072C04E79} = {99D9D8A2-AB02-4A2C-8D44-4AFACC1BFF45}
		{B936535D-BDAF-4AFA-8FAE-BB5F40ECB8F8} = {7BF1AADA-22BB-479D-8646-0CA238FF09F4}
		{3105E80E-22CB-45AA-86BE-9AA4AE4BF4BF} = {7BF1AADA-22BB-479D-8646-0CA238FF09F4}
		{C918B8B0-0ACB-4DD2-8C69-CD954176465A} = {B936535D-BDAF-4AFA-8FAE-BB5F40ECB8F8}
		{D77E29FD-7CF3-4753-AD9C-8EF5F28EB660} = {B936535D-BDAF-4AFA-8FAE-BB5F40ECB8F8}
		{99D9D8A2-AB02-4A2C-8D44-4AFACC1BFF45} = {B936535D-BDAF-4AFA-8FAE-BB5F40ECB8F8}
		{F2B54575-9A88-47BA-ACB5-F9080CCBE929} = {A18F5BA0-D445-4440-9C90-540BF5501A8E}
		{75A575ED-EC43-45AC-8DC3-2A950DE26F70} = {F2B54575-9A88-47BA-ACB5-F9080CCBE929}
		{4309789B-ECD0-4A7F-A0DF-A5C72CA19AF7} = {49CB5354-456C-4DBE-A962-3AA0AFE46F04}
		{78148983-F0EA-4F87-817A-7261E2A56797} = {A18F5BA0-D445-4440-9C90-540BF5501A8E}
		{AF86DDC7-4E4F-49E1-BAA5-0F8B0F756ED2} = {78148983-F0EA-4F87-817A-7261E2A56797}
		{F3FD9C33-7C01-4160-815E-1F6A65872968} = {88605C32-C93F-4656-B1C1-EC9382EF9660}
		{FB9644CA-1787-42CA-9A72-BBFEBC6605CE} = {3105E80E-22CB-45AA-86BE-9AA4AE4BF4BF}
		{470FD023-08EC-4CBA-8DCF-2BA4516B0BE2} = {C3BDAC5D-81BA-4FF6-9C89-D7A6FD116561}
		{DB146594-7B1A-4FB5-B44A-E95493EED335} = {C3BDAC5D-81BA-4FF6-9C89-D7A6FD116561}
	EndGlobalSection
	GlobalSection(ExtensibilityGlobals) = postSolution
		SolutionGuid = {B532105A-B09E-4A28-A194-465F19029C28}
	EndGlobalSection
EndGlobal
